
Microsoft Visual Studio Solution File, Format Version 12.00
# Visual Studio 15
VisualStudioVersion = 15.0.26430.15
MinimumVisualStudioVersion = 10.0.40219.1
Project("{FAE04EC0-301F-11D3-BF4B-00C04F79EFBC}") = "PiTracker", "ClassLibrary1\PiTracker.csproj", "{E6CC674F-6F84-43D4-93E6-56DF718968E9}"
EndProject
Project("{FAE04EC0-301F-11D3-BF4B-00C04F79EFBC}") = "ConsoleApp1", "ConsoleApp1\ConsoleApp1.csproj", "{1C5FE6B8-7046-4E3F-B5D5-151D9407A293}"
EndProject
Project("{FAE04EC0-301F-11D3-BF4B-00C04F79EFBC}")                                                               = "PiTrackerTest", "PiTrackerTest\PiTrackerTest.csproj", "{7AE53171-C6CC-4371-BCD3-2A4CE126A4F3}"
EndProject
Global
	GlobalSection(SolutionConfigurationPlatforms) = preSolution
		Debug|Any CPU = Debug|Any CPU
		Release|Any CPU = Release|Any CPU
	EndGlobalSection
	GlobalSection(ProjectConfigurationPlatforms) = postSolution
		{E6CC674F-6F84-43D4-93E6-56DF718968E9}.Debug|Any CPU.ActiveCfg = Debug|Any CPU
		{E6CC674F-6F84-43D4-93E6-56DF718968E9}.Debug|Any CPU.Build.0 = Debug|Any CPU
		{E6CC674F-6F84-43D4-93E6-56DF718968E9}.Release|Any CPU.ActiveCfg = Release|Any CPU
		{E6CC674F-6F84-43D4-93E6-56DF718968E9}.Release|Any CPU.Build.0 = Release|Any CPU
		{1C5FE6B8-7046-4E3F-B5D5-151D9407A293}.Debug|Any CPU.ActiveCfg = Debug|Any CPU
		{1C5FE6B8-7046-4E3F-B5D5-151D9407A293}.Debug|Any CPU.Build.0 = Debug|Any CPU
		{1C5FE6B8-7046-4E3F-B5D5-151D9407A293}.Release|Any CPU.ActiveCfg = Release|Any CPU
		{1C5FE6B8-7046-4E3F-B5D5-151D9407A293}.Release|Any CPU.Build.0 = Release|Any CPU
		{7AE53171-C6CC-4371-BCD3-2A4CE126A4F3}.Debug|Any CPU.ActiveCfg = Debug|Any CPU
		{7AE53171-C6CC-4371-BCD3-2A4CE126A4F3}.Debug|Any CPU.Build.0 = Debug|Any CPU
		{7AE53171-C6CC-4371-BCD3-2A4CE126A4F3}.Release|Any CPU.ActiveCfg = Release|Any CPU
		{7AE53171-C6CC-4371-BCD3-2A4CE126A4F3}.Release|Any CPU.Build.0 = Release|Any CPU
	EndGlobalSection
	GlobalSection(SolutionProperties) = preSolution
		HideSolutionNode = FALSE
	EndGlobalSection
EndGlobal
